
Microsoft Visual Studio Solution File, Format Version 12.00
# Visual Studio Version 17
VisualStudioVersion = 17.3.32825.248
MinimumVisualStudioVersion = 10.0.40219.1
Project("{9A19103F-16F7-4668-BE54-9A1E7A4F7556}") = "AcimaDaMedia", "AcimaDaMedia\AcimaDaMedia.csproj", "{29AA0061-CA48-4EA4-B6E1-2F788330F694}"
EndProject
Project("{9A19103F-16F7-4668-BE54-9A1E7A4F7556}") = "Reajuste", "Reajuste\Reajuste.csproj", "{870C4B1B-03BC-47CD-931A-2F4B0FA4ECF5}"
EndProject
Project("{9A19103F-16F7-4668-BE54-9A1E7A4F7556}") = "AMelhorCalculadora", "AMelhorCalculadora\AMelhorCalculadora.csproj", "{50D97456-2246-4425-B9E2-C7AAE4CE1ED9}"
EndProject
Project("{8BC9CEB8-8B4A-11D0-8D11-00A0C91BC942}") = "ChegaDeMulta", "ChegaDeMulta\ChegaDeMulta.vcxproj", "{D40B55F4-45F5-4B2E-B82E-85AE9703EC24}"
EndProject
Project("{9A19103F-16F7-4668-BE54-9A1E7A4F7556}") = "PotenciaDeDois", "PotenciaDeDois\PotenciaDeDois.csproj", "{1639D8A9-067A-4B90-97B9-907201A71EFE}"
EndProject
Project("{9A19103F-16F7-4668-BE54-9A1E7A4F7556}") = "InverterASequencia", "InverterASequencia\InverterASequencia.csproj", "{06F9B51E-0449-43E8-B4A7-C5E5DCEF768B}"
EndProject
Project("{8BC9CEB8-8B4A-11D0-8D11-00A0C91BC942}") = "InverterASequenciaCPP", "InverterASequenciaCPP\InverterASequenciaCPP.vcxproj", "{4253F44A-EB40-46CF-A12D-BEC717B23C53}"
EndProject
Project("{9A19103F-16F7-4668-BE54-9A1E7A4F7556}") = "Espelho", "Espelho\Espelho.csproj", "{D045100A-67B5-4DBA-A2AE-23195D686119}"
EndProject
Project("{9A19103F-16F7-4668-BE54-9A1E7A4F7556}") = "HoraDeSaltar", "HoraDeSaltar\HoraDeSaltar.csproj", "{56A181DD-A4E2-451D-AD7E-AACA507F716F}"
EndProject
Project("{8BC9CEB8-8B4A-11D0-8D11-00A0C91BC942}") = "SeparandoEmGruposCPP", "SeparandoEmGruposCPP\SeparandoEmGruposCPP.vcxproj", "{607DC227-4BDC-4065-9910-6E59F64BC384}"
EndProject
Project("{8BC9CEB8-8B4A-11D0-8D11-00A0C91BC942}") = "MultiploDe7", "MultiploDe7\MultiploDe7.vcxproj", "{83093E53-E939-4C68-9DC1-AF5ED9A7B570}"
EndProject
Project("{8BC9CEB8-8B4A-11D0-8D11-00A0C91BC942}") = "Visto", "Visto\Visto.vcxproj", "{B890CDE8-4863-406A-80E5-2EE6B2A65FFA}"
EndProject
Global
	GlobalSection(SolutionConfigurationPlatforms) = preSolution
		Debug|Any CPU = Debug|Any CPU
		Debug|x64 = Debug|x64
		Debug|x86 = Debug|x86
		Release|Any CPU = Release|Any CPU
		Release|x64 = Release|x64
		Release|x86 = Release|x86
	EndGlobalSection
	GlobalSection(ProjectConfigurationPlatforms) = postSolution
		{29AA0061-CA48-4EA4-B6E1-2F788330F694}.Debug|Any CPU.ActiveCfg = Debug|Any CPU
		{29AA0061-CA48-4EA4-B6E1-2F788330F694}.Debug|Any CPU.Build.0 = Debug|Any CPU
		{29AA0061-CA48-4EA4-B6E1-2F788330F694}.Debug|x64.ActiveCfg = Debug|Any CPU
		{29AA0061-CA48-4EA4-B6E1-2F788330F694}.Debug|x64.Build.0 = Debug|Any CPU
		{29AA0061-CA48-4EA4-B6E1-2F788330F694}.Debug|x86.ActiveCfg = Debug|Any CPU
		{29AA0061-CA48-4EA4-B6E1-2F788330F694}.Debug|x86.Build.0 = Debug|Any CPU
		{29AA0061-CA48-4EA4-B6E1-2F788330F694}.Release|Any CPU.ActiveCfg = Release|Any CPU
		{29AA0061-CA48-4EA4-B6E1-2F788330F694}.Release|Any CPU.Build.0 = Release|Any CPU
		{29AA0061-CA48-4EA4-B6E1-2F788330F694}.Release|x64.ActiveCfg = Release|Any CPU
		{29AA0061-CA48-4EA4-B6E1-2F788330F694}.Release|x64.Build.0 = Release|Any CPU
		{29AA0061-CA48-4EA4-B6E1-2F788330F694}.Release|x86.ActiveCfg = Release|Any CPU
		{29AA0061-CA48-4EA4-B6E1-2F788330F694}.Release|x86.Build.0 = Release|Any CPU
		{870C4B1B-03BC-47CD-931A-2F4B0FA4ECF5}.Debug|Any CPU.ActiveCfg = Debug|Any CPU
		{870C4B1B-03BC-47CD-931A-2F4B0FA4ECF5}.Debug|Any CPU.Build.0 = Debug|Any CPU
		{870C4B1B-03BC-47CD-931A-2F4B0FA4ECF5}.Debug|x64.ActiveCfg = Debug|Any CPU
		{870C4B1B-03BC-47CD-931A-2F4B0FA4ECF5}.Debug|x64.Build.0 = Debug|Any CPU
		{870C4B1B-03BC-47CD-931A-2F4B0FA4ECF5}.Debug|x86.ActiveCfg = Debug|Any CPU
		{870C4B1B-03BC-47CD-931A-2F4B0FA4ECF5}.Debug|x86.Build.0 = Debug|Any CPU
		{870C4B1B-03BC-47CD-931A-2F4B0FA4ECF5}.Release|Any CPU.ActiveCfg = Release|Any CPU
		{870C4B1B-03BC-47CD-931A-2F4B0FA4ECF5}.Release|Any CPU.Build.0 = Release|Any CPU
		{870C4B1B-03BC-47CD-931A-2F4B0FA4ECF5}.Release|x64.ActiveCfg = Release|Any CPU
		{870C4B1B-03BC-47CD-931A-2F4B0FA4ECF5}.Release|x64.Build.0 = Release|Any CPU
		{870C4B1B-03BC-47CD-931A-2F4B0FA4ECF5}.Release|x86.ActiveCfg = Release|Any CPU
		{870C4B1B-03BC-47CD-931A-2F4B0FA4ECF5}.Release|x86.Build.0 = Release|Any CPU
		{50D97456-2246-4425-B9E2-C7AAE4CE1ED9}.Debug|Any CPU.ActiveCfg = Debug|Any CPU
		{50D97456-2246-4425-B9E2-C7AAE4CE1ED9}.Debug|Any CPU.Build.0 = Debug|Any CPU
		{50D97456-2246-4425-B9E2-C7AAE4CE1ED9}.Debug|x64.ActiveCfg = Debug|Any CPU
		{50D97456-2246-4425-B9E2-C7AAE4CE1ED9}.Debug|x64.Build.0 = Debug|Any CPU
		{50D97456-2246-4425-B9E2-C7AAE4CE1ED9}.Debug|x86.ActiveCfg = Debug|Any CPU
		{50D97456-2246-4425-B9E2-C7AAE4CE1ED9}.Debug|x86.Build.0 = Debug|Any CPU
		{50D97456-2246-4425-B9E2-C7AAE4CE1ED9}.Release|Any CPU.ActiveCfg = Release|Any CPU
		{50D97456-2246-4425-B9E2-C7AAE4CE1ED9}.Release|Any CPU.Build.0 = Release|Any CPU
		{50D97456-2246-4425-B9E2-C7AAE4CE1ED9}.Release|x64.ActiveCfg = Release|Any CPU
		{50D97456-2246-4425-B9E2-C7AAE4CE1ED9}.Release|x64.Build.0 = Release|Any CPU
		{50D97456-2246-4425-B9E2-C7AAE4CE1ED9}.Release|x86.ActiveCfg = Release|Any CPU
		{50D97456-2246-4425-B9E2-C7AAE4CE1ED9}.Release|x86.Build.0 = Release|Any CPU
		{D40B55F4-45F5-4B2E-B82E-85AE9703EC24}.Debug|Any CPU.ActiveCfg = Debug|x64
		{D40B55F4-45F5-4B2E-B82E-85AE9703EC24}.Debug|Any CPU.Build.0 = Debug|x64
		{D40B55F4-45F5-4B2E-B82E-85AE9703EC24}.Debug|x64.ActiveCfg = Debug|x64
		{D40B55F4-45F5-4B2E-B82E-85AE9703EC24}.Debug|x64.Build.0 = Debug|x64
		{D40B55F4-45F5-4B2E-B82E-85AE9703EC24}.Debug|x86.ActiveCfg = Debug|Win32
		{D40B55F4-45F5-4B2E-B82E-85AE9703EC24}.Debug|x86.Build.0 = Debug|Win32
		{D40B55F4-45F5-4B2E-B82E-85AE9703EC24}.Release|Any CPU.ActiveCfg = Release|x64
		{D40B55F4-45F5-4B2E-B82E-85AE9703EC24}.Release|Any CPU.Build.0 = Release|x64
		{D40B55F4-45F5-4B2E-B82E-85AE9703EC24}.Release|x64.ActiveCfg = Release|x64
		{D40B55F4-45F5-4B2E-B82E-85AE9703EC24}.Release|x64.Build.0 = Release|x64
		{D40B55F4-45F5-4B2E-B82E-85AE9703EC24}.Release|x86.ActiveCfg = Release|Win32
		{D40B55F4-45F5-4B2E-B82E-85AE9703EC24}.Release|x86.Build.0 = Release|Win32
		{1639D8A9-067A-4B90-97B9-907201A71EFE}.Debug|Any CPU.ActiveCfg = Debug|Any CPU
		{1639D8A9-067A-4B90-97B9-907201A71EFE}.Debug|Any CPU.Build.0 = Debug|Any CPU
		{1639D8A9-067A-4B90-97B9-907201A71EFE}.Debug|x64.ActiveCfg = Debug|Any CPU
		{1639D8A9-067A-4B90-97B9-907201A71EFE}.Debug|x64.Build.0 = Debug|Any CPU
		{1639D8A9-067A-4B90-97B9-907201A71EFE}.Debug|x86.ActiveCfg = Debug|Any CPU
		{1639D8A9-067A-4B90-97B9-907201A71EFE}.Debug|x86.Build.0 = Debug|Any CPU
		{1639D8A9-067A-4B90-97B9-907201A71EFE}.Release|Any CPU.ActiveCfg = Release|Any CPU
		{1639D8A9-067A-4B90-97B9-907201A71EFE}.Release|Any CPU.Build.0 = Release|Any CPU
		{1639D8A9-067A-4B90-97B9-907201A71EFE}.Release|x64.ActiveCfg = Release|Any CPU
		{1639D8A9-067A-4B90-97B9-907201A71EFE}.Release|x64.Build.0 = Release|Any CPU
		{1639D8A9-067A-4B90-97B9-907201A71EFE}.Release|x86.ActiveCfg = Release|Any CPU
		{1639D8A9-067A-4B90-97B9-907201A71EFE}.Release|x86.Build.0 = Release|Any CPU
		{06F9B51E-0449-43E8-B4A7-C5E5DCEF768B}.Debug|Any CPU.ActiveCfg = Debug|Any CPU
		{06F9B51E-0449-43E8-B4A7-C5E5DCEF768B}.Debug|Any CPU.Build.0 = Debug|Any CPU
		{06F9B51E-0449-43E8-B4A7-C5E5DCEF768B}.Debug|x64.ActiveCfg = Debug|Any CPU
		{06F9B51E-0449-43E8-B4A7-C5E5DCEF768B}.Debug|x64.Build.0 = Debug|Any CPU
		{06F9B51E-0449-43E8-B4A7-C5E5DCEF768B}.Debug|x86.ActiveCfg = Debug|Any CPU
		{06F9B51E-0449-43E8-B4A7-C5E5DCEF768B}.Debug|x86.Build.0 = Debug|Any CPU
		{06F9B51E-0449-43E8-B4A7-C5E5DCEF768B}.Release|Any CPU.ActiveCfg = Release|Any CPU
		{06F9B51E-0449-43E8-B4A7-C5E5DCEF768B}.Release|Any CPU.Build.0 = Release|Any CPU
		{06F9B51E-0449-43E8-B4A7-C5E5DCEF768B}.Release|x64.ActiveCfg = Release|Any CPU
		{06F9B51E-0449-43E8-B4A7-C5E5DCEF768B}.Release|x64.Build.0 = Release|Any CPU
		{06F9B51E-0449-43E8-B4A7-C5E5DCEF768B}.Release|x86.ActiveCfg = Release|Any CPU
		{06F9B51E-0449-43E8-B4A7-C5E5DCEF768B}.Release|x86.Build.0 = Release|Any CPU
		{4253F44A-EB40-46CF-A12D-BEC717B23C53}.Debug|Any CPU.ActiveCfg = Debug|x64
		{4253F44A-EB40-46CF-A12D-BEC717B23C53}.Debug|Any CPU.Build.0 = Debug|x64
		{4253F44A-EB40-46CF-A12D-BEC717B23C53}.Debug|x64.ActiveCfg = Debug|x64
		{4253F44A-EB40-46CF-A12D-BEC717B23C53}.Debug|x64.Build.0 = Debug|x64
		{4253F44A-EB40-46CF-A12D-BEC717B23C53}.Debug|x86.ActiveCfg = Debug|Win32
		{4253F44A-EB40-46CF-A12D-BEC717B23C53}.Debug|x86.Build.0 = Debug|Win32
		{4253F44A-EB40-46CF-A12D-BEC717B23C53}.Release|Any CPU.ActiveCfg = Release|x64
		{4253F44A-EB40-46CF-A12D-BEC717B23C53}.Release|Any CPU.Build.0 = Release|x64
		{4253F44A-EB40-46CF-A12D-BEC717B23C53}.Release|x64.ActiveCfg = Release|x64
		{4253F44A-EB40-46CF-A12D-BEC717B23C53}.Release|x64.Build.0 = Release|x64
		{4253F44A-EB40-46CF-A12D-BEC717B23C53}.Release|x86.ActiveCfg = Release|Win32
		{4253F44A-EB40-46CF-A12D-BEC717B23C53}.Release|x86.Build.0 = Release|Win32
		{D045100A-67B5-4DBA-A2AE-23195D686119}.Debug|Any CPU.ActiveCfg = Debug|Any CPU
		{D045100A-67B5-4DBA-A2AE-23195D686119}.Debug|Any CPU.Build.0 = Debug|Any CPU
		{D045100A-67B5-4DBA-A2AE-23195D686119}.Debug|x64.ActiveCfg = Debug|Any CPU
		{D045100A-67B5-4DBA-A2AE-23195D686119}.Debug|x64.Build.0 = Debug|Any CPU
		{D045100A-67B5-4DBA-A2AE-23195D686119}.Debug|x86.ActiveCfg = Debug|Any CPU
		{D045100A-67B5-4DBA-A2AE-23195D686119}.Debug|x86.Build.0 = Debug|Any CPU
		{D045100A-67B5-4DBA-A2AE-23195D686119}.Release|Any CPU.ActiveCfg = Release|Any CPU
		{D045100A-67B5-4DBA-A2AE-23195D686119}.Release|Any CPU.Build.0 = Release|Any CPU
		{D045100A-67B5-4DBA-A2AE-23195D686119}.Release|x64.ActiveCfg = Release|Any CPU
		{D045100A-67B5-4DBA-A2AE-23195D686119}.Release|x64.Build.0 = Release|Any CPU
		{D045100A-67B5-4DBA-A2AE-23195D686119}.Release|x86.ActiveCfg = Release|Any CPU
		{D045100A-67B5-4DBA-A2AE-23195D686119}.Release|x86.Build.0 = Release|Any CPU
		{56A181DD-A4E2-451D-AD7E-AACA507F716F}.Debug|Any CPU.ActiveCfg = Debug|Any CPU
		{56A181DD-A4E2-451D-AD7E-AACA507F716F}.Debug|Any CPU.Build.0 = Debug|Any CPU
		{56A181DD-A4E2-451D-AD7E-AACA507F716F}.Debug|x64.ActiveCfg = Debug|Any CPU
		{56A181DD-A4E2-451D-AD7E-AACA507F716F}.Debug|x64.Build.0 = Debug|Any CPU
		{56A181DD-A4E2-451D-AD7E-AACA507F716F}.Debug|x86.ActiveCfg = Debug|Any CPU
		{56A181DD-A4E2-451D-AD7E-AACA507F716F}.Debug|x86.Build.0 = Debug|Any CPU
		{56A181DD-A4E2-451D-AD7E-AACA507F716F}.Release|Any CPU.ActiveCfg = Release|Any CPU
		{56A181DD-A4E2-451D-AD7E-AACA507F716F}.Release|Any CPU.Build.0 = Release|Any CPU
		{56A181DD-A4E2-451D-AD7E-AACA507F716F}.Release|x64.ActiveCfg = Release|Any CPU
		{56A181DD-A4E2-451D-AD7E-AACA507F716F}.Release|x64.Build.0 = Release|Any CPU
		{56A181DD-A4E2-451D-AD7E-AACA507F716F}.Release|x86.ActiveCfg = Release|Any CPU
		{56A181DD-A4E2-451D-AD7E-AACA507F716F}.Release|x86.Build.0 = Release|Any CPU
		{607DC227-4BDC-4065-9910-6E59F64BC384}.Debug|Any CPU.ActiveCfg = Debug|x64
		{607DC227-4BDC-4065-9910-6E59F64BC384}.Debug|Any CPU.Build.0 = Debug|x64
		{607DC227-4BDC-4065-9910-6E59F64BC384}.Debug|x64.ActiveCfg = Debug|x64
		{607DC227-4BDC-4065-9910-6E59F64BC384}.Debug|x64.Build.0 = Debug|x64
		{607DC227-4BDC-4065-9910-6E59F64BC384}.Debug|x86.ActiveCfg = Debug|Win32
		{607DC227-4BDC-4065-9910-6E59F64BC384}.Debug|x86.Build.0 = Debug|Win32
		{607DC227-4BDC-4065-9910-6E59F64BC384}.Release|Any CPU.ActiveCfg = Release|x64
		{607DC227-4BDC-4065-9910-6E59F64BC384}.Release|Any CPU.Build.0 = Release|x64
		{607DC227-4BDC-4065-9910-6E59F64BC384}.Release|x64.ActiveCfg = Release|x64
		{607DC227-4BDC-4065-9910-6E59F64BC384}.Release|x64.Build.0 = Release|x64
		{607DC227-4BDC-4065-9910-6E59F64BC384}.Release|x86.ActiveCfg = Release|Win32
		{607DC227-4BDC-4065-9910-6E59F64BC384}.Release|x86.Build.0 = Release|Win32
		{83093E53-E939-4C68-9DC1-AF5ED9A7B570}.Debug|Any CPU.ActiveCfg = Debug|x64
		{83093E53-E939-4C68-9DC1-AF5ED9A7B570}.Debug|Any CPU.Build.0 = Debug|x64
		{83093E53-E939-4C68-9DC1-AF5ED9A7B570}.Debug|x64.ActiveCfg = Debug|x64
		{83093E53-E939-4C68-9DC1-AF5ED9A7B570}.Debug|x64.Build.0 = Debug|x64
		{83093E53-E939-4C68-9DC1-AF5ED9A7B570}.Debug|x86.ActiveCfg = Debug|Win32
		{83093E53-E939-4C68-9DC1-AF5ED9A7B570}.Debug|x86.Build.0 = Debug|Win32
		{83093E53-E939-4C68-9DC1-AF5ED9A7B570}.Release|Any CPU.ActiveCfg = Release|x64
		{83093E53-E939-4C68-9DC1-AF5ED9A7B570}.Release|Any CPU.Build.0 = Release|x64
		{83093E53-E939-4C68-9DC1-AF5ED9A7B570}.Release|x64.ActiveCfg = Release|x64
		{83093E53-E939-4C68-9DC1-AF5ED9A7B570}.Release|x64.Build.0 = Release|x64
		{83093E53-E939-4C68-9DC1-AF5ED9A7B570}.Release|x86.ActiveCfg = Release|Win32
		{83093E53-E939-4C68-9DC1-AF5ED9A7B570}.Release|x86.Build.0 = Release|Win32
		{B890CDE8-4863-406A-80E5-2EE6B2A65FFA}.Debug|Any CPU.ActiveCfg = Debug|x64
		{B890CDE8-4863-406A-80E5-2EE6B2A65FFA}.Debug|Any CPU.Build.0 = Debug|x64
		{B890CDE8-4863-406A-80E5-2EE6B2A65FFA}.Debug|x64.ActiveCfg = Debug|x64
		{B890CDE8-4863-406A-80E5-2EE6B2A65FFA}.Debug|x64.Build.0 = Debug|x64
		{B890CDE8-4863-406A-80E5-2EE6B2A65FFA}.Debug|x86.ActiveCfg = Debug|Win32
		{B890CDE8-4863-406A-80E5-2EE6B2A65FFA}.Debug|x86.Build.0 = Debug|Win32
		{B890CDE8-4863-406A-80E5-2EE6B2A65FFA}.Release|Any CPU.ActiveCfg = Release|x64
		{B890CDE8-4863-406A-80E5-2EE6B2A65FFA}.Release|Any CPU.Build.0 = Release|x64
		{B890CDE8-4863-406A-80E5-2EE6B2A65FFA}.Release|x64.ActiveCfg = Release|x64
		{B890CDE8-4863-406A-80E5-2EE6B2A65FFA}.Release|x64.Build.0 = Release|x64
		{B890CDE8-4863-406A-80E5-2EE6B2A65FFA}.Release|x86.ActiveCfg = Release|Win32
		{B890CDE8-4863-406A-80E5-2EE6B2A65FFA}.Release|x86.Build.0 = Release|Win32
	EndGlobalSection
	GlobalSection(SolutionProperties) = preSolution
		HideSolutionNode = FALSE
	EndGlobalSection
	GlobalSection(ExtensibilityGlobals) = postSolution
		SolutionGuid = {84048FFB-36F4-41ED-8950-C514FD7A02C8}
	EndGlobalSection
EndGlobal
